PODS:
  - HappyDNS (0.3.10)
  - pili-librtmp (1.0.4)
  - PLPlayerKit (2.2.4):
    - HappyDNS (~> 0.3.10)
    - pili-librtmp (= 1.0.4)
    - PLPlayerKit/precompiled (= 2.2.4)
  - PLPlayerKit/precompiled (2.2.4):
    - HappyDNS (~> 0.3.10)
    - pili-librtmp (= 1.0.4)

DEPENDENCIES:
  - PLPlayerKit (~> 2.2.4)

SPEC CHECKSUMS:
  HappyDNS: 06a9fed2796663fd87626dbf02552933265bf059
  pili-librtmp: bc768bc3971edad732fd5e66f0ee991fa1a0a257
  PLPlayerKit: 30e419fa90e84df34922e6dd5d5833d7e4348bf4

PODFILE CHECKSUM: 805b795c5100754638b751a176fe251bddece4ee

COCOAPODS: 1.0.1
